
Microsoft Visual Studio Solution File, Format Version 12.00
# Visual Studio Version 16
VisualStudioVersion = 16.0.29503.13
MinimumVisualStudioVersion = 10.0.40219.1
Project("{9A19103F-16F7-4668-BE54-9A1E7A4F7556}") = "Fastfood", "Fastfood.csproj", "{492E0B89-D9FE-4494-BC41-8F2331B991A8}"
EndProject
Project("{9A19103F-16F7-4668-BE54-9A1E7A4F7556}") = "ApplicationCore", "..\ApplicationCore\ApplicationCore.csproj", "{B95A9080-588C-48AA-91B0-64EB58C5863B}"
EndProject
Project("{FAE04EC0-301F-11D3-BF4B-00C04F79EFBC}") = "Infrastructure", "..\Infrastructure\Infrastructure.csproj", "{68414955-65CF-4CA1-9B49-D4CA2C67382B}"
EndProject
Global
	GlobalSection(SolutionConfigurationPlatforms) = preSolution
		Debug|Any CPU = Debug|Any CPU
		Release|Any CPU = Release|Any CPU
	EndGlobalSection
	GlobalSection(ProjectConfigurationPlatforms) = postSolution
		{492E0B89-D9FE-4494-BC41-8F2331B991A8}.Debug|Any CPU.ActiveCfg = Debug|Any CPU
		{492E0B89-D9FE-4494-BC41-8F2331B991A8}.Debug|Any CPU.Build.0 = Debug|Any CPU
		{492E0B89-D9FE-4494-BC41-8F2331B991A8}.Release|Any CPU.ActiveCfg = Release|Any CPU
		{492E0B89-D9FE-4494-BC41-8F2331B991A8}.Release|Any CPU.Build.0 = Release|Any CPU
		{B95A9080-588C-48AA-91B0-64EB58C5863B}.Debug|Any CPU.ActiveCfg = Debug|Any CPU
		{B95A9080-588C-48AA-91B0-64EB58C5863B}.Debug|Any CPU.Build.0 = Debug|Any CPU
		{B95A9080-588C-48AA-91B0-64EB58C5863B}.Release|Any CPU.ActiveCfg = Release|Any CPU
		{B95A9080-588C-48AA-91B0-64EB58C5863B}.Release|Any CPU.Build.0 = Release|Any CPU
		{68414955-65CF-4CA1-9B49-D4CA2C67382B}.Debug|Any CPU.ActiveCfg = Debug|Any CPU
		{68414955-65CF-4CA1-9B49-D4CA2C67382B}.Debug|Any CPU.Build.0 = Debug|Any CPU
		{68414955-65CF-4CA1-9B49-D4CA2C67382B}.Release|Any CPU.ActiveCfg = Release|Any CPU
		{68414955-65CF-4CA1-9B49-D4CA2C67382B}.Release|Any CPU.Build.0 = Release|Any CPU
	EndGlobalSection
	GlobalSection(SolutionProperties) = preSolution
		HideSolutionNode = FALSE
	EndGlobalSection
	GlobalSection(ExtensibilityGlobals) = postSolution
		SolutionGuid = {FE42CC5E-E998-4176-97EF-364BB2CCB804}
	EndGlobalSection
EndGlobal
